// !$*UTF8*$!
{
	archiveVersion = 1;
	classes = {
	};
	objectVersion = 46;
	objects = {

/* Begin PBXBuildFile section */
		853FFE3C1A6AEC9B00EA6EB9 /* main.m in Sources */ = {isa = PBXBuildFile; fileRef = 853FFE3B1A6AEC9B00EA6EB9 /* main.m */; };
		853FFE3F1A6AEC9B00EA6EB9 /* AppDelegate.m in Sources */ = {isa = PBXBuildFile; fileRef = 853FFE3E1A6AEC9B00EA6EB9 /* AppDelegate.m */; };
		853FFE421A6AEC9B00EA6EB9 /* ViewController.m in Sources */ = {isa = PBXBuildFile; fileRef = 853FFE411A6AEC9B00EA6EB9 /* ViewController.m */; };
		853FFE451A6AEC9B00EA6EB9 /* Main.storyboard in Resources */ = {isa = PBXBuildFile; fileRef = 853FFE431A6AEC9B00EA6EB9 /* Main.storyboard */; };
		853FFE471A6AEC9B00EA6EB9 /* Images.xcassets in Resources */ = {isa = PBXBuildFile; fileRef = 853FFE461A6AEC9B00EA6EB9 /* Images.xcassets */; };
		853FFE4A1A6AEC9B00EA6EB9 /* LaunchScreen.xib in Resources */ = {isa = PBXBuildFile; fileRef = 853FFE481A6AEC9B00EA6EB9 /* LaunchScreen.xib */; };
		853FFE561A6AEC9B00EA6EB9 /* App1Tests.m in Sources */ = {isa = PBXBuildFile; fileRef = 853FFE551A6AEC9B00EA6EB9 /* App1Tests.m */; };
/* End PBXBuildFile section */

/* Begin PBXContainerItemProxy section */
		853FFE501A6AEC9B00EA6EB9 /* PBXContainerItemProxy */ = {
			isa = PBXContainerItemProxy;
			containerPortal = 853FFE2E1A6AEC9900EA6EB9 /* Project object */;
			proxyType = 1;
			remoteGlobalIDString = 853FFE351A6AEC9A00EA6EB9;
			remoteInfo = App1;
		};
/* End PBXContainerItemProxy section */

/* Begin PBXFileReference section */
		853FFE361A6AEC9A00EA6EB9 /* App1.app */ = {isa = PBXFileReference; explicitFileType = wrapper.application; includeInIndex = 0; path = App1.app; sourceTree = BUILT_PRODUCTS_DIR; };
		853FFE3A1A6AEC9A00EA6EB9 /* Info.plist */ = {isa = PBXFileReference; lastKnownFileType = text.plist.xml; path = Info.plist; sourceTree = "<group>"; };
		853FFE3B1A6AEC9B00EA6EB9 /* main.m */ = {isa = PBXFileReference; lastKnownFileType = sourcecode.c.objc; path = main.m; sourceTree = "<group>"; };
		853FFE3D1A6AEC9B00EA6EB9 /* AppDelegate.h */ = {isa = PBXFileReference; lastKnownFileType = sourcecode.c.h; path = AppDelegate.h; sourceTree = "<group>"; };
		853FFE3E1A6AEC9B00EA6EB9 /* AppDelegate.m */ = {isa = PBXFileReference; lastKnownFileType = sourcecode.c.objc; path = AppDelegate.m; sourceTree = "<group>"; };
		853FFE401A6AEC9B00EA6EB9 /* ViewController.h */ = {isa = PBXFileReference; lastKnownFileType = sourcecode.c.h; path = ViewController.h; sourceTree = "<group>"; };
		853FFE411A6AEC9B00EA6EB9 /* ViewController.m */ = {isa = PBXFileReference; lastKnownFileType = sourcecode.c.objc; path = ViewController.m; sourceTree = "<group>"; };
		853FFE441A6AEC9B00EA6EB9 /* Base */ = {isa = PBXFileReference; lastKnownFileType = file.storyboard; name = Base; path = Base.lproj/Main.storyboard; sourceTree = "<group>"; };
		853FFE461A6AEC9B00EA6EB9 /* Images.xcassets */ = {isa = PBXFileReference; lastKnownFileType = folder.assetcatalog; path = Images.xcassets; sourceTree = "<group>"; };
		853FFE491A6AEC9B00EA6EB9 /* Base */ = {isa = PBXFileReference; lastKnownFileType = file.xib; name = Base; path = Base.lproj/LaunchScreen.xib; sourceTree = "<group>"; };
		853FFE4F1A6AEC9B00EA6EB9 /* App1Tests.xctest */ = {isa = PBXFileReference; explicitFileType = wrapper.cfbundle; includeInIndex = 0; path = App1Tests.xctest; sourceTree = BUILT_PRODUCTS_DIR; };
		853FFE541A6AEC9B00EA6EB9 /* Info.plist */ = {isa = PBXFileReference; lastKnownFileType = text.plist.xml; path = Info.plist; sourceTree = "<group>"; };
		853FFE551A6AEC9B00EA6EB9 /* App1Tests.m */ = {isa = PBXFileReference; lastKnownFileType = sourcecode.c.objc; path = App1Tests.m; sourceTree = "<group>"; };
/* End PBXFileReference section */

/* Begin PBXFrameworksBuildPhase section */
		853FFE331A6AEC9A00EA6EB9 /* Frameworks */ = {
			isa = PBXFrameworksBuildPhase;
			buildActionMask = 2147483647;
			files = (
			);
			runOnlyForDeploymentPostprocessing = 0;
		};
		853FFE4C1A6AEC9B00EA6EB9 /* Frameworks */ = {
			isa = PBXFrameworksBuildPhase;
			buildActionMask = 2147483647;
			files = (
			);
			runOnlyForDeploymentPostprocessing = 0;
		};
/* End PBXFrameworksBuildPhase section */

/* Begin PBXGroup section */
		853FFE2D1A6AEC9900EA6EB9 = {
			isa = PBXGroup;
			children = (
				853FFE381A6AEC9A00EA6EB9 /* App1 */,
				853FFE521A6AEC9B00EA6EB9 /* App1Tests */,
				853FFE371A6AEC9A00EA6EB9 /* Products */,
			);
			sourceTree = "<group>";
		};
		853FFE371A6AEC9A00EA6EB9 /* Products */ = {
			isa = PBXGroup;
			children = (
				853FFE361A6AEC9A00EA6EB9 /* App1.app */,
				853FFE4F1A6AEC9B00EA6EB9 /* App1Tests.xctest */,
			);
			name = Products;
			sourceTree = "<group>";
		};
		853FFE381A6AEC9A00EA6EB9 /* App1 */ = {
			isa = PBXGroup;
			children = (
				853FFE3D1A6AEC9B00EA6EB9 /* AppDelegate.h */,
				853FFE3E1A6AEC9B00EA6EB9 /* AppDelegate.m */,
				853FFE401A6AEC9B00EA6EB9 /* ViewController.h */,
				853FFE411A6AEC9B00EA6EB9 /* ViewController.m */,
				853FFE431A6AEC9B00EA6EB9 /* Main.storyboard */,
				853FFE461A6AEC9B00EA6EB9 /* Images.xcassets */,
				853FFE481A6AEC9B00EA6EB9 /* LaunchScreen.xib */,
				853FFE391A6AEC9A00EA6EB9 /* Supporting Files */,
			);
			path = App1;
			sourceTree = "<group>";
		};
		853FFE391A6AEC9A00EA6EB9 /* Supporting Files */ = {
			isa = PBXGroup;
			children = (
				853FFE3A1A6AEC9A00EA6EB9 /* Info.plist */,
				853FFE3B1A6AEC9B00EA6EB9 /* main.m */,
			);
			name = "Supporting Files";
			sourceTree = "<group>";
		};
		853FFE521A6AEC9B00EA6EB9 /* App1Tests */ = {
			isa = PBXGroup;
			children = (
				853FFE551A6AEC9B00EA6EB9 /* App1Tests.m */,
				853FFE531A6AEC9B00EA6EB9 /* Supporting Files */,
			);
			path = App1Tests;
			sourceTree = "<group>";
		};
		853FFE531A6AEC9B00EA6EB9 /* Supporting Files */ = {
			isa = PBXGroup;
			children = (
				853FFE541A6AEC9B00EA6EB9 /* Info.plist */,
			);
			name = "Supporting Files";
			sourceTree = "<group>";
		};
/* End PBXGroup section */

/* Begin PBXNativeTarget section */
		853FFE351A6AEC9A00EA6EB9 /* App1 */ = {
			isa = PBXNativeTarget;
			buildConfigurationList = 853FFE591A6AEC9B00EA6EB9 /* Build configuration list for PBXNativeTarget "App1" */;
			buildPhases = (
				853FFE321A6AEC9A00EA6EB9 /* Sources */,
				853FFE331A6AEC9A00EA6EB9 /* Frameworks */,
				853FFE341A6AEC9A00EA6EB9 /* Resources */,
			);
			buildRules = (
			);
			dependencies = (
			);
			name = App1;
			productName = App1;
			productReference = 853FFE361A6AEC9A00EA6EB9 /* App1.app */;
			productType = "com.apple.product-type.application";
		};
		853FFE4E1A6AEC9B00EA6EB9 /* App1Tests */ = {
			isa = PBXNativeTarget;
			buildConfigurationList = 853FFE5C1A6AEC9B00EA6EB9 /* Build configuration list for PBXNativeTarget "App1Tests" */;
			buildPhases = (
				853FFE4B1A6AEC9B00EA6EB9 /* Sources */,
				853FFE4C1A6AEC9B00EA6EB9 /* Frameworks */,
				853FFE4D1A6AEC9B00EA6EB9 /* Resources */,
			);
			buildRules = (
			);
			dependencies = (
				853FFE511A6AEC9B00EA6EB9 /* PBXTargetDependency */,
			);
			name = App1Tests;
			productName = App1Tests;
			productReference = 853FFE4F1A6AEC9B00EA6EB9 /* App1Tests.xctest */;
			productType = "com.apple.product-type.bundle.unit-test";
		};
/* End PBXNativeTarget section */

/* Begin PBXProject section */
		853FFE2E1A6AEC9900EA6EB9 /* Project object */ = {
			isa = PBXProject;
			attributes = {
				LastUpgradeCheck = 0610;
				ORGANIZATIONNAME = "Daniel Andrade Maglioni";
				TargetAttributes = {
					853FFE351A6AEC9A00EA6EB9 = {
						CreatedOnToolsVersion = 6.1.1;
					};
					853FFE4E1A6AEC9B00EA6EB9 = {
						CreatedOnToolsVersion = 6.1.1;
						TestTargetID = 853FFE351A6AEC9A00EA6EB9;
					};
				};
			};
			buildConfigurationList = 853FFE311A6AEC9A00EA6EB9 /* Build configuration list for PBXProject "App1" */;
			compatibilityVersion = "Xcode 3.2";
			developmentRegion = English;
			hasScannedForEncodings = 0;
			knownRegions = (
				en,
				Base,
			);
			mainGroup = 853FFE2D1A6AEC9900EA6EB9;
			productRefGroup = 853FFE371A6AEC9A00EA6EB9 /* Products */;
			projectDirPath = "";
			projectRoot = "";
			targets = (
				853FFE351A6AEC9A00EA6EB9 /* App1 */,
				853FFE4E1A6AEC9B00EA6EB9 /* App1Tests */,
			);
		};
/* End PBXProject section */

/* Begin PBXResourcesBuildPhase section */
		853FFE341A6AEC9A00EA6EB9 /* Resources */ = {
			isa = PBXResourcesBuildPhase;
			buildActionMask = 2147483647;
			files = (
				853FFE451A6AEC9B00EA6EB9 /* Main.storyboard in Resources */,
				853FFE4A1A6AEC9B00EA6EB9 /* LaunchScreen.xib in Resources */,
				853FFE471A6AEC9B00EA6EB9 /* Images.xcassets in Resources */,
			);
			runOnlyForDeploymentPostprocessing = 0;
		};
		853FFE4D1A6AEC9B00EA6EB9 /* Resources */ = {
			isa = PBXResourcesBuildPhase;
			buildActionMask = 2147483647;
			files = (
			);
			runOnlyForDeploymentPostprocessing = 0;
		};
/* End PBXResourcesBuildPhase section */

/* Begin PBXSourcesBuildPhase section */
		853FFE321A6AEC9A00EA6EB9 /* Sources */ = {
			isa = PBXSourcesBuildPhase;
			buildActionMask = 2147483647;
			files = (
				853FFE421A6AEC9B00EA6EB9 /* ViewController.m in Sources */,
				853FFE3F1A6AEC9B00EA6EB9 /* AppDelegate.m in Sources */,
				853FFE3C1A6AEC9B00EA6EB9 /* main.m in Sources */,
			);
			runOnlyForDeploymentPostprocessing = 0;
		};
		853FFE4B1A6AEC9B00EA6EB9 /* Sources */ = {
			isa = PBXSourcesBuildPhase;
			buildActionMask = 2147483647;
			files = (
				853FFE561A6AEC9B00EA6EB9 /* App1Tests.m in Sources */,
			);
			runOnlyForDeploymentPostprocessing = 0;
		};
/* End PBXSourcesBuildPhase section */

/* Begin PBXTargetDependency section */
		853FFE511A6AEC9B00EA6EB9 /* PBXTargetDependency */ = {
			isa = PBXTargetDependency;
			target = 853FFE351A6AEC9A00EA6EB9 /* App1 */;
			targetProxy = 853FFE501A6AEC9B00EA6EB9 /* PBXContainerItemProxy */;
		};
/* End PBXTargetDependency section */

/* Begin PBXVariantGroup section */
		853FFE431A6AEC9B00EA6EB9 /* Main.storyboard */ = {
			isa = PBXVariantGroup;
			children = (
				853FFE441A6AEC9B00EA6EB9 /* Base */,
			);
			name = Main.storyboard;
			sourceTree = "<group>";
		};
		853FFE481A6AEC9B00EA6EB9 /* LaunchScreen.xib */ = {
			isa = PBXVariantGroup;
			children = (
				853FFE491A6AEC9B00EA6EB9 /* Base */,
			);
			name = LaunchScreen.xib;
			sourceTree = "<group>";
		};
/* End PBXVariantGroup section */

/* Begin XCBuildConfiguration section */
		853FFE571A6AEC9B00EA6EB9 /* Debug */ = {
			isa = XCBuildConfiguration;
			buildSettings = {
				ALWAYS_SEARCH_USER_PATHS = NO;
				CLANG_CXX_LANGUAGE_STANDARD = "gnu++0x";
				CLANG_CXX_LIBRARY = "libc++";
				CLANG_ENABLE_MODULES = YES;
				CLANG_ENABLE_OBJC_ARC = YES;
				CLANG_WARN_BOOL_CONVERSION = YES;
				CLANG_WARN_CONSTANT_CONVERSION = YES;
				CLANG_WARN_DIRECT_OBJC_ISA_USAGE = YES_ERROR;
				CLANG_WARN_EMPTY_BODY = YES;
				CLANG_WARN_ENUM_CONVERSION = YES;
				CLANG_WARN_INT_CONVERSION = YES;
				CLANG_WARN_OBJC_ROOT_CLASS = YES_ERROR;
				CLANG_WARN_UNREACHABLE_CODE = YES;
				CLANG_WARN__DUPLICATE_METHOD_MATCH = YES;
				"CODE_SIGN_IDENTITY[sdk=iphoneos*]" = "iPhone Developer";
				COPY_PHASE_STRIP = NO;
				ENABLE_STRICT_OBJC_MSGSEND = YES;
				GCC_C_LANGUAGE_STANDARD = gnu99;
				GCC_DYNAMIC_NO_PIC = NO;
				GCC_OPTIMIZATION_LEVEL = 0;
				GCC_PREPROCESSOR_DEFINITIONS = (
					"DEBUG=1",
					"$(inherited)",
				);
				GCC_SYMBOLS_PRIVATE_EXTERN = NO;
				GCC_WARN_64_TO_32_BIT_CONVERSION = YES;
				GCC_WARN_ABOUT_RETURN_TYPE = YES_ERROR;
				GCC_WARN_UNDECLARED_SELECTOR = YES;
				GCC_WARN_UNINITIALIZED_AUTOS = YES_AGGRESSIVE;
				GCC_WARN_UNUSED_FUNCTION = YES;
				GCC_WARN_UNUSED_VARIABLE = YES;
				IPHONEOS_DEPLOYMENT_TARGET = 8.1;
				MTL_ENABLE_DEBUG_INFO = YES;
				ONLY_ACTIVE_ARCH = YES;
				SDKROOT = iphoneos;
				TARGETED_DEVICE_FAMILY = "1,2";
			};
			name = Debug;
		};
		853FFE581A6AEC9B00EA6EB9 /* Release */ = {
			isa = XCBuildConfiguration;
			buildSettings = {
				ALWAYS_SEARCH_USER_PATHS = NO;
				CLANG_CXX_LANGUAGE_STANDARD = "gnu++0x";
				CLANG_CXX_LIBRARY = "libc++";
				CLANG_ENABLE_MODULES = YES;
				CLANG_ENABLE_OBJC_ARC = YES;
				CLANG_WARN_BOOL_CONVERSION = YES;
				CLANG_WARN_CONSTANT_CONVERSION = YES;
				CLANG_WARN_DIRECT_OBJC_ISA_USAGE = YES_ERROR;
				CLANG_WARN_EMPTY_BODY = YES;
				CLANG_WARN_ENUM_CONVERSION = YES;
				CLANG_WARN_INT_CONVERSION = YES;
				CLANG_WARN_OBJC_ROOT_CLASS = YES_ERROR;
				CLANG_WARN_UNREACHABLE_CODE = YES;
				CLANG_WARN__DUPLICATE_METHOD_MATCH = YES;
				"CODE_SIGN_IDENTITY[sdk=iphoneos*]" = "iPhone Developer";
				COPY_PHASE_STRIP = YES;
				ENABLE_NS_ASSERTIONS = NO;
				ENABLE_STRICT_OBJC_MSGSEND = YES;
				GCC_C_LANGUAGE_STANDARD = gnu99;
				GCC_WARN_64_TO_32_BIT_CONVERSION = YES;
				GCC_WARN_ABOUT_RETURN_TYPE = YES_ERROR;
				GCC_WARN_UNDECLARED_SELECTOR = YES;
				GCC_WARN_UNINITIALIZED_AUTOS = YES_AGGRESSIVE;
				GCC_WARN_UNUSED_FUNCTION = YES;
				GCC_WARN_UNUSED_VARIABLE = YES;
				IPHONEOS_DEPLOYMENT_TARGET = 8.1;
				MTL_ENABLE_DEBUG_INFO = NO;
				SDKROOT = iphoneos;
				TARGETED_DEVICE_FAMILY = "1,2";
				VALIDATE_PRODUCT = YES;
			};
			name = Release;
		};
		853FFE5A1A6AEC9B00EA6EB9 /* Debug */ = {
			isa = XCBuildConfiguration;
			buildSettings = {
				ASSETCATALOG_COMPILER_APPICON_NAME = AppIcon;
				INFOPLIST_FILE = App1/Info.plist;
				LD_RUNPATH_SEARCH_PATHS = "$(inherited) @executable_path/Frameworks";
				PRODUCT_NAME = "$(TARGET_NAME)";
			};
			name = Debug;
		};
		853FFE5B1A6AEC9B00EA6EB9 /* Release */ = {
			isa = XCBuildConfiguration;
			buildSettings = {
				ASSETCATALOG_COMPILER_APPICON_NAME = AppIcon;
				INFOPLIST_FILE = App1/Info.plist;
				LD_RUNPATH_SEARCH_PATHS = "$(inherited) @executable_path/Frameworks";
				PRODUCT_NAME = "$(TARGET_NAME)";
			};
			name = Release;
		};
		853FFE5D1A6AEC9B00EA6EB9 /* Debug */ = {
			isa = XCBuildConfiguration;
			buildSettings = {
				BUNDLE_LOADER = "$(TEST_HOST)";
				FRAMEWORK_SEARCH_PATHS = (
					"$(SDKROOT)/Developer/Library/Frameworks",
					"$(inherited)",
				);
				GCC_PREPROCESSOR_DEFINITIONS = (
					"DEBUG=1",
					"$(inherited)",
				);
				INFOPLIST_FILE = App1Tests/Info.plist;
				LD_RUNPATH_SEARCH_PATHS = "$(inherited) @executable_path/Frameworks @loader_path/Frameworks";
				PRODUCT_NAME = "$(TARGET_NAME)";
				TEST_HOST = "$(BUILT_PRODUCTS_DIR)/App1.app/App1";
			};
			name = Debug;
		};
		853FFE5E1A6AEC9B00EA6EB9 /* Release */ = {
			isa = XCBuildConfiguration;
			buildSettings = {
				BUNDLE_LOADER = "$(TEST_HOST)";
				FRAMEWORK_SEARCH_PATHS = (
					"$(SDKROOT)/Developer/Library/Frameworks",
					"$(inherited)",
				);
				INFOPLIST_FILE = App1Tests/Info.plist;
				LD_RUNPATH_SEARCH_PATHS = "$(inherited) @executable_path/Frameworks @loader_path/Frameworks";
				PRODUCT_NAME = "$(TARGET_NAME)";
				TEST_HOST = "$(BUILT_PRODUCTS_DIR)/App1.app/App1";
			};
			name = Release;
		};
/* End XCBuildConfiguration section */

/* Begin XCConfigurationList section */
		853FFE311A6AEC9A00EA6EB9 /* Build configuration list for PBXProject "App1" */ = {
			isa = XCConfigurationList;
			buildConfigurations = (
				853FFE571A6AEC9B00EA6EB9 /* Debug */,
				853FFE581A6AEC9B00EA6EB9 /* Release */,
			);
			defaultConfigurationIsVisible = 0;
			defaultConfigurationName = Release;
		};
		853FFE591A6AEC9B00EA6EB9 /* Build configuration list for PBXNativeTarget "App1" */ = {
			isa = XCConfigurationList;
			buildConfigurations = (
				853FFE5A1A6AEC9B00EA6EB9 /* Debug */,
				853FFE5B1A6AEC9B00EA6EB9 /* Release */,
			);
			defaultConfigurationIsVisible = 0;
		};
		853FFE5C1A6AEC9B00EA6EB9 /* Build configuration list for PBXNativeTarget "App1Tests" */ = {
			isa = XCConfigurationList;
			buildConfigurations = (
				853FFE5D1A6AEC9B00EA6EB9 /* Debug */,
				853FFE5E1A6AEC9B00EA6EB9 /* Release */,
			);
			defaultConfigurationIsVisible = 0;
		};
/* End XCConfigurationList section */
	};
	rootObject = 853FFE2E1A6AEC9900EA6EB9 /* Project object */;
}
